version: 6
environments:
  default:
    channels:
    - url: https://conda.anaconda.org/conda-forge/
    indexes:
    - https://pypi.org/simple
    packages:
      win-64:
      - conda: https://conda.anaconda.org/conda-forge/win-64/bzip2-1.0.8-h0ad9c76_8.conda
      - conda: https://conda.anaconda.org/conda-forge/noarch/ca-certificates-2026.1.4-h4c7d964_0.conda
      - conda: https://conda.anaconda.org/conda-forge/win-64/libexpat-2.7.3-hac47afa_0.conda
      - conda: https://conda.anaconda.org/conda-forge/win-64/libffi-3.5.2-h52bdfb6_0.conda
      - conda: https://conda.anaconda.org/conda-forge/win-64/liblzma-5.8.1-h2466b09_2.conda
      - conda: https://conda.anaconda.org/conda-forge/win-64/liblzma-devel-5.8.1-h2466b09_2.conda
      - conda: https://conda.anaconda.org/conda-forge/win-64/libmpdec-4.0.0-h2466b09_0.conda
      - conda: https://conda.anaconda.org/conda-forge/win-64/libsqlite-3.51.1-hf5d6505_1.conda
      - conda: https://conda.anaconda.org/conda-forge/win-64/libzlib-1.3.1-h2466b09_2.conda
      - conda: https://conda.anaconda.org/conda-forge/win-64/openssl-3.6.0-h725018a_0.conda
      - conda: https://conda.anaconda.org/conda-forge/noarch/pip-25.3-pyh145f28c_0.conda
      - conda: https://conda.anaconda.org/conda-forge/win-64/python-3.13.0-hf5aa216_101_cp313.conda
      - conda: https://conda.anaconda.org/conda-forge/noarch/python_abi-3.13-8_cp313.conda
      - conda: https://conda.anaconda.org/conda-forge/win-64/tk-8.6.13-h2c6b04d_3.conda
      - conda: https://conda.anaconda.org/conda-forge/noarch/tzdata-2025c-hc9c84f9_1.conda
      - conda: https://conda.anaconda.org/conda-forge/win-64/ucrt-10.0.26100.0-h57928b3_0.conda
      - conda: https://conda.anaconda.org/conda-forge/win-64/vc-14.3-h41ae7f8_34.conda
      - conda: https://conda.anaconda.org/conda-forge/win-64/vc14_runtime-14.44.35208-h818238b_34.conda
      - conda: https://conda.anaconda.org/conda-forge/win-64/vcomp14-14.44.35208-h818238b_34.conda
      - conda: https://conda.anaconda.org/conda-forge/win-64/xz-5.8.1-h208afaa_2.conda
      - conda: https://conda.anaconda.org/conda-forge/win-64/xz-tools-5.8.1-h2466b09_2.conda
      - pypi: https://files.pythonhosted.org/packages/0f/15/5bf3b99495fb160b63f95972b81750f18f7f4e02ad051373b669d17d44f2/aiohappyeyeballs-2.6.1-py3-none-any.whl
      - pypi: https://files.pythonhosted.org/packages/4e/f1/ab0395f8a79933577cdd996dd2f9aa6014af9535f65dddcf88204682fe62/aiohttp-3.13.3-cp313-cp313-win_amd64.whl
      - pypi: https://files.pythonhosted.org/packages/fb/76/641ae371508676492379f16e2fa48f4e2c11741bd63c48be4b12a6b09cba/aiosignal-1.4.0-py3-none-any.whl
      - pypi: https://files.pythonhosted.org/packages/a9/ba/000a1996d4308bc65120167c21241a3b205464a2e0b58deda26ae8ac21d1/altgraph-0.17.5-py2.py3-none-any.whl
      - pypi: https://files.pythonhosted.org/packages/3a/2a/7cc015f5b9f5db42b7d48157e23356022889fc354a2813c15934b7cb5c0e/attrs-25.4.0-py3-none-any.whl
      - pypi: https://files.pythonhosted.org/packages/e6/ad/3cc14f097111b4de0040c83a525973216457bbeeb63739ef1ed275c1c021/certifi-2026.1.4-py3-none-any.whl
      - pypi: https://files.pythonhosted.org/packages/c4/26/b9924fa27db384bdcd97ab83b4f0a8058d96ad9626ead570674d5e737d90/charset_normalizer-3.4.4-cp313-cp313-win_amd64.whl
      - pypi: https://files.pythonhosted.org/packages/d1/d6/3965ed04c63042e047cb6a3e6ed1a63a35087b6a609aa3a15ed8ac56c221/colorama-0.4.6-py2.py3-none-any.whl
      - pypi: https://files.pythonhosted.org/packages/6b/3a/5a71ab350e580cf88e1669f2d27bdc698df7bcda665edc459a9fe217234d/dearpygui-2.1.1-cp313-cp313-win_amd64.whl
      - pypi: https://files.pythonhosted.org/packages/d8/cf/174c91dbc9cc49bc7b7aab74d8b734e974d1faa8f191c74af9b7e80848e6/frozenlist-1.8.0-cp313-cp313-win_amd64.whl
      - pypi: https://files.pythonhosted.org/packages/d3/de/8c07714cd55c72e57a44059aaba43bd1b347e989b18a19012ad4764978a8/global_hotkeys-0.1.7.tar.gz
      - pypi: https://files.pythonhosted.org/packages/0e/61/66938bbb5fc52dbdf84594873d5b51fb1f7c7794e9c0f5bd885f30bc507b/idna-3.11-py3-none-any.whl
      - pypi: https://files.pythonhosted.org/packages/55/88/287159903c5b3fc6d47b651c7ab65a54dcf9c9916de546188a7f62870d6d/keyboard-0.13.5-py3-none-any.whl
      - pypi: https://files.pythonhosted.org/packages/09/97/45ab4bab1a89e6fdbc822f818bb18b39eed0dd7ed1faac8b89bc6b49a9ed/leb128-1.0.8-py3-none-any.whl
      - pypi: https://files.pythonhosted.org/packages/0c/29/0348de65b8cc732daa3e33e67806420b2ae89bdce2b04af740289c5c6c8c/loguru-0.7.3-py3-none-any.whl
      - pypi: https://files.pythonhosted.org/packages/3b/ce/ddfab303646b21aef07ff9dbc83fba92e5d493f49d3bc03d899ffd45c86f/marisa_trie-1.3.1-cp313-cp313-win_amd64.whl
      - pypi: https://files.pythonhosted.org/packages/32/31/75c59e7d3b4205075b4c183fa4ca398a2daf2303ddf616b04ae6ef55cffe/multidict-6.7.0-cp313-cp313-win_amd64.whl
      - pypi: https://files.pythonhosted.org/packages/20/12/38679034af332785aac8774540895e234f4d07f7545804097de4b666afd8/packaging-25.0-py3-none-any.whl
      - pypi: https://files.pythonhosted.org/packages/54/16/12b82f791c7f50ddec566873d5bdd245baa1491bac11d15ffb98aecc8f8b/pefile-2024.8.26-py3-none-any.whl
      - pypi: https://files.pythonhosted.org/packages/f5/ab/f76ec3c3627c883215b5c8080debb4394ef5a7a29be811f786415fc1e6fd/propcache-0.4.1-cp313-cp313-win_amd64.whl
      - pypi: https://files.pythonhosted.org/packages/2d/f5/6a122efe024433ecc34aab6f499e0bd2bbe059c639b77b0045aa2421b0bf/pyinstaller-6.17.0-py3-none-win_amd64.whl
      - pypi: https://files.pythonhosted.org/packages/a7/c4/3a096c6e701832443b957b9dac18a163103360d0c7f5842ca41695371148/pyinstaller_hooks_contrib-2025.11-py3-none-any.whl
      - pypi: https://files.pythonhosted.org/packages/df/80/fc9d01d5ed37ba4c42ca2b55b4339ae6e200b456be3a1aaddf4a9fa99b8c/pyperclip-1.11.0-py3-none-any.whl
      - pypi: https://files.pythonhosted.org/packages/e3/28/e0a1909523c6890208295a29e05c2adb2126364e289826c0a8bc7297bd5c/pywin32-311-cp313-cp313-win_amd64.whl
      - pypi: https://files.pythonhosted.org/packages/de/3d/8161f7711c017e01ac9f008dfddd9410dff3674334c233bde66e7ba65bbf/pywin32_ctypes-0.2.3-py3-none-any.whl
      - pypi: https://files.pythonhosted.org/packages/97/c9/39d5b874e8b28845e4ec2202b5da735d0199dbe5b8fb85f91398814a9a46/pyyaml-6.0.3-cp313-cp313-win_amd64.whl
      - pypi: https://files.pythonhosted.org/packages/1e/db/4254e3eabe8020b458f1a747140d32277ec7a271daf1d235b70dc0b4e6e3/requests-2.32.5-py3-none-any.whl
      - pypi: https://files.pythonhosted.org/packages/a3/dc/17031897dae0efacfea57dfd3a82fdd2a2aeb58e0ff71b77b87e44edc772/setuptools-80.9.0-py3-none-any.whl
      - pypi: https://files.pythonhosted.org/packages/d0/30/dc54f88dd4a2b5dc8a0279bdd7270e735851848b762aeb1c1184ed1f6b14/tqdm-4.67.1-py3-none-any.whl
      - pypi: https://files.pythonhosted.org/packages/39/08/aaaad47bc4e9dc8c725e68f9d04865dbcb2052843ff09c97b08904852d84/urllib3-2.6.3-py3-none-any.whl
      - pypi: https://files.pythonhosted.org/packages/e1/07/c6fe3ad3e685340704d314d765b7912993bcb8dc198f0e7a89382d37974b/win32_setctime-1.2.0-py3-none-any.whl
      - pypi: https://files.pythonhosted.org/packages/9a/ee/450914ae11b419eadd067c6183ae08381cfdfcb9798b90b2b713bbebddda/yarl-1.22.0-cp313-cp313-win_amd64.whl
packages:
- pypi: https://files.pythonhosted.org/packages/0f/15/5bf3b99495fb160b63f95972b81750f18f7f4e02ad051373b669d17d44f2/aiohappyeyeballs-2.6.1-py3-none-any.whl
  name: aiohappyeyeballs
  version: 2.6.1
  sha256: f349ba8f4b75cb25c99c5c2d84e997e485204d2902a9597802b0371f09331fb8
  requires_python: '>=3.9'
- pypi: https://files.pythonhosted.org/packages/4e/f1/ab0395f8a79933577cdd996dd2f9aa6014af9535f65dddcf88204682fe62/aiohttp-3.13.3-cp313-cp313-win_amd64.whl
  name: aiohttp
  version: 3.13.3
  sha256: 693781c45a4033d31d4187d2436f5ac701e7bbfe5df40d917736108c1cc7436e
  requires_dist:
  - aiohappyeyeballs>=2.5.0
  - aiosignal>=1.4.0
  - async-timeout>=4.0,<6.0 ; python_full_version < '3.11'
  - attrs>=17.3.0
  - frozenlist>=1.1.1
  - multidict>=4.5,<7.0
  - propcache>=0.2.0
  - yarl>=1.17.0,<2.0
  - aiodns>=3.3.0 ; extra == 'speedups'
  - brotli>=1.2 ; platform_python_implementation == 'CPython' and extra == 'speedups'
  - brotlicffi>=1.2 ; platform_python_implementation != 'CPython' and extra == 'speedups'
  - backports-zstd ; python_full_version < '3.14' and platform_python_implementation == 'CPython' and extra == 'speedups'
  requires_python: '>=3.9'
- pypi: https://files.pythonhosted.org/packages/fb/76/641ae371508676492379f16e2fa48f4e2c11741bd63c48be4b12a6b09cba/aiosignal-1.4.0-py3-none-any.whl
  name: aiosignal
  version: 1.4.0
  sha256: 053243f8b92b990551949e63930a839ff0cf0b0ebbe0597b0f3fb19e1a0fe82e
  requires_dist:
  - frozenlist>=1.1.0
  - typing-extensions>=4.2 ; python_full_version < '3.13'
  requires_python: '>=3.9'
- pypi: https://files.pythonhosted.org/packages/a9/ba/000a1996d4308bc65120167c21241a3b205464a2e0b58deda26ae8ac21d1/altgraph-0.17.5-py2.py3-none-any.whl
  name: altgraph
  version: 0.17.5
  sha256: f3a22400bce1b0c701683820ac4f3b159cd301acab067c51c653e06961600597
- pypi: https://files.pythonhosted.org/packages/3a/2a/7cc015f5b9f5db42b7d48157e23356022889fc354a2813c15934b7cb5c0e/attrs-25.4.0-py3-none-any.whl
  name: attrs
  version: 25.4.0
  sha256: adcf7e2a1fb3b36ac48d97835bb6d8ade15b8dcce26aba8bf1d14847b57a3373
  requires_python: '>=3.9'
- conda: https://conda.anaconda.org/conda-forge/win-64/bzip2-1.0.8-h0ad9c76_8.conda
  sha256: d882712855624641f48aa9dc3f5feea2ed6b4e6004585d3616386a18186fe692
  md5: 1077e9333c41ff0be8edd1a5ec0ddace
  depends:
  - ucrt >=10.0.20348.0
  - vc >=14.3,<15
  - vc14_runtime >=14.44.35208
  license: bzip2-1.0.6
  license_family: BSD
  purls: []
  size: 55977
  timestamp: 1757437738856
- conda: https://conda.anaconda.org/conda-forge/noarch/ca-certificates-2026.1.4-h4c7d964_0.conda
  sha256: 4ddcb01be03f85d3db9d881407fb13a673372f1b9fac9c836ea441893390e049
  md5: 84d389c9eee640dda3d26fc5335c67d8
  depends:
  - __win
  license: ISC
  purls: []
  size: 147139
  timestamp: 1767500904211
- pypi: https://files.pythonhosted.org/packages/e6/ad/3cc14f097111b4de0040c83a525973216457bbeeb63739ef1ed275c1c021/certifi-2026.1.4-py3-none-any.whl
  name: certifi
  version: 2026.1.4
  sha256: 9943707519e4add1115f44c2bc244f782c0249876bf51b6599fee1ffbedd685c
  requires_python: '>=3.7'
- pypi: https://files.pythonhosted.org/packages/c4/26/b9924fa27db384bdcd97ab83b4f0a8058d96ad9626ead570674d5e737d90/charset_normalizer-3.4.4-cp313-cp313-win_amd64.whl
  name: charset-normalizer
  version: 3.4.4
  sha256: b435cba5f4f750aa6c0a0d92c541fb79f69a387c91e61f1795227e4ed9cece14
  requires_python: '>=3.7'
- pypi: https://files.pythonhosted.org/packages/d1/d6/3965ed04c63042e047cb6a3e6ed1a63a35087b6a609aa3a15ed8ac56c221/colorama-0.4.6-py2.py3-none-any.whl
  name: colorama
  version: 0.4.6
  sha256: 4f1d9991f5acc0ca119f9d443620b77f9d6b33703e51011c16baf57afb285fc6
  requires_python: '>=2.7,!=3.0.*,!=3.1.*,!=3.2.*,!=3.3.*,!=3.4.*,!=3.5.*,!=3.6.*'
- pypi: https://files.pythonhosted.org/packages/6b/3a/5a71ab350e580cf88e1669f2d27bdc698df7bcda665edc459a9fe217234d/dearpygui-2.1.1-cp313-cp313-win_amd64.whl
  name: dearpygui
  version: 2.1.1
  sha256: 0901c6ba9c717599df9469576184ca851de6cde242b2d9f9ab10bc35a7219656
  requires_python: '>=3.8'
- pypi: https://files.pythonhosted.org/packages/d8/cf/174c91dbc9cc49bc7b7aab74d8b734e974d1faa8f191c74af9b7e80848e6/frozenlist-1.8.0-cp313-cp313-win_amd64.whl
  name: frozenlist
  version: 1.8.0
  sha256: 878be833caa6a3821caf85eb39c5ba92d28e85df26d57afb06b35b2efd937231
  requires_python: '>=3.9'
- pypi: https://files.pythonhosted.org/packages/d3/de/8c07714cd55c72e57a44059aaba43bd1b347e989b18a19012ad4764978a8/global_hotkeys-0.1.7.tar.gz
  name: global-hotkeys
  version: 0.1.7
  sha256: 6546d7a2ea2da6e646871b48dea47d231d66ec2982641f30bf83a2f7a2a2b249
  requires_dist:
  - pywin32
  - keyboard
- pypi: https://files.pythonhosted.org/packages/0e/61/66938bbb5fc52dbdf84594873d5b51fb1f7c7794e9c0f5bd885f30bc507b/idna-3.11-py3-none-any.whl
  name: idna
  version: '3.11'
  sha256: 771a87f49d9defaf64091e6e6fe9c18d4833f140bd19464795bc32d966ca37ea
  requires_dist:
  - ruff>=0.6.2 ; extra == 'all'
  - mypy>=1.11.2 ; extra == 'all'
  - pytest>=8.3.2 ; extra == 'all'
  - flake8>=7.1.1 ; extra == 'all'
  requires_python: '>=3.8'
- pypi: https://files.pythonhosted.org/packages/55/88/287159903c5b3fc6d47b651c7ab65a54dcf9c9916de546188a7f62870d6d/keyboard-0.13.5-py3-none-any.whl
  name: keyboard
  version: 0.13.5
  sha256: 8e9c2422f1217e0bd84489b9ecd361027cc78415828f4fe4f88dd4acd587947b
  requires_dist:
  - pyobjc ; sys_platform == 'darwin'
- pypi: https://files.pythonhosted.org/packages/09/97/45ab4bab1a89e6fdbc822f818bb18b39eed0dd7ed1faac8b89bc6b49a9ed/leb128-1.0.8-py3-none-any.whl
  name: leb128
  version: 1.0.8
  sha256: 76cd271e75ea91aa2fbf7783d60cb7d667b62143d544bcee59159ff258bf4523
- conda: https://conda.anaconda.org/conda-forge/win-64/libexpat-2.7.3-hac47afa_0.conda
  sha256: 844ab708594bdfbd7b35e1a67c379861bcd180d6efe57b654f482ae2f7f5c21e
  md5: 8c9e4f1a0e688eef2e95711178061a0f
  depends:
  - ucrt >=10.0.20348.0
  - vc >=14.3,<15
  - vc14_runtime >=14.44.35208
  constrains:
  - expat 2.7.3.*
  license: MIT
  license_family: MIT
  purls: []
  size: 70137
  timestamp: 1763550049107
- conda: https://conda.anaconda.org/conda-forge/win-64/libffi-3.5.2-h52bdfb6_0.conda
  sha256: ddff25aaa4f0aa535413f5d831b04073789522890a4d8626366e43ecde1534a3
  md5: ba4ad812d2afc22b9a34ce8327a0930f
  depends:
  - ucrt >=10.0.20348.0
  - vc >=14.3,<15
  - vc14_runtime >=14.44.35208
  license: MIT
  license_family: MIT
  purls: []
  size: 44866
  timestamp: 1760295760649
- conda: https://conda.anaconda.org/conda-forge/win-64/liblzma-5.8.1-h2466b09_2.conda
  sha256: 55764956eb9179b98de7cc0e55696f2eff8f7b83fc3ebff5e696ca358bca28cc
  md5: c15148b2e18da456f5108ccb5e411446
  depends:
  - ucrt >=10.0.20348.0
  - vc >=14.2,<15
  - vc14_runtime >=14.29.30139
  constrains:
  - xz 5.8.1.*
  license: 0BSD
  purls: []
  size: 104935
  timestamp: 1749230611612
- conda: https://conda.anaconda.org/conda-forge/win-64/liblzma-devel-5.8.1-h2466b09_2.conda
  sha256: 1ccff927a2d768403bad85e36ca3e931d96890adb4f503e1780c3412dd1e1298
  md5: 42c90c4941c59f1b9f8fab627ad8ae76
  depends:
  - liblzma 5.8.1 h2466b09_2
  - ucrt >=10.0.20348.0
  - vc >=14.2,<15
  - vc14_runtime >=14.29.30139
  license: 0BSD
  purls: []
  size: 129344
  timestamp: 1749230637001
- conda: https://conda.anaconda.org/conda-forge/win-64/libmpdec-4.0.0-h2466b09_0.conda
  sha256: fc529fc82c7caf51202cc5cec5bb1c2e8d90edbac6d0a4602c966366efe3c7bf
  md5: 74860100b2029e2523cf480804c76b9b
  depends:
  - ucrt >=10.0.20348.0
  - vc >=14.2,<15
  - vc14_runtime >=14.29.30139
  license: BSD-2-Clause
  license_family: BSD
  purls: []
  size: 88657
  timestamp: 1723861474602
- conda: https://conda.anaconda.org/conda-forge/win-64/libsqlite-3.51.1-hf5d6505_1.conda
  sha256: d6d86715a1afe11f626b7509935e9d2e14a4946632c0ac474526e20fc6c55f99
  md5: be65be5f758709fc01b01626152e96b0
  depends:
  - ucrt >=10.0.20348.0
  - vc >=14.3,<15
  - vc14_runtime >=14.44.35208
  license: blessing
  purls: []
  size: 1292859
  timestamp: 1766319616777
- conda: https://conda.anaconda.org/conda-forge/win-64/libzlib-1.3.1-h2466b09_2.conda
  sha256: ba945c6493449bed0e6e29883c4943817f7c79cbff52b83360f7b341277c6402
  md5: 41fbfac52c601159df6c01f875de31b9
  depends:
  - ucrt >=10.0.20348.0
  - vc >=14.2,<15
  - vc14_runtime >=14.29.30139
  constrains:
  - zlib 1.3.1 *_2
  license: Zlib
  license_family: Other
  purls: []
  size: 55476
  timestamp: 1727963768015
- pypi: https://files.pythonhosted.org/packages/0c/29/0348de65b8cc732daa3e33e67806420b2ae89bdce2b04af740289c5c6c8c/loguru-0.7.3-py3-none-any.whl
  name: loguru
  version: 0.7.3
  sha256: 31a33c10c8e1e10422bfd431aeb5d351c7cf7fa671e3c4df004162264b28220c
  requires_dist:
  - colorama>=0.3.4 ; sys_platform == 'win32'
  - aiocontextvars>=0.2.0 ; python_full_version < '3.7'
  - win32-setctime>=1.0.0 ; sys_platform == 'win32'
  - pre-commit==4.0.1 ; python_full_version >= '3.9' and extra == 'dev'
  - tox==3.27.1 ; python_full_version < '3.8' and extra == 'dev'
  - tox==4.23.2 ; python_full_version >= '3.8' and extra == 'dev'
  - pytest==6.1.2 ; python_full_version < '3.8' and extra == 'dev'
  - pytest==8.3.2 ; python_full_version >= '3.8' and extra == 'dev'
  - pytest-cov==2.12.1 ; python_full_version < '3.8' and extra == 'dev'
  - pytest-cov==5.0.0 ; python_full_version == '3.8.*' and extra == 'dev'
  - pytest-cov==6.0.0 ; python_full_version >= '3.9' and extra == 'dev'
  - pytest-mypy-plugins==1.9.3 ; python_full_version >= '3.6' and python_full_version < '3.8' and extra == 'dev'
  - pytest-mypy-plugins==3.1.0 ; python_full_version >= '3.8' and extra == 'dev'
  - colorama==0.4.5 ; python_full_version < '3.8' and extra == 'dev'
  - colorama==0.4.6 ; python_full_version >= '3.8' and extra == 'dev'
  - freezegun==1.1.0 ; python_full_version < '3.8' and extra == 'dev'
  - freezegun==1.5.0 ; python_full_version >= '3.8' and extra == 'dev'
  - exceptiongroup==1.1.3 ; python_full_version >= '3.7' and python_full_version < '3.11' and extra == 'dev'
  - mypy==0.910 ; python_full_version < '3.6' and extra == 'dev'
  - mypy==0.971 ; python_full_version == '3.6.*' and extra == 'dev'
  - mypy==1.4.1 ; python_full_version == '3.7.*' and extra == 'dev'
  - mypy==1.13.0 ; python_full_version >= '3.8' and extra == 'dev'
  - sphinx==8.1.3 ; python_full_version >= '3.11' and extra == 'dev'
  - sphinx-rtd-theme==3.0.2 ; python_full_version >= '3.11' and extra == 'dev'
  - myst-parser==4.0.0 ; python_full_version >= '3.11' and extra == 'dev'
  - build==1.2.2 ; python_full_version >= '3.11' and extra == 'dev'
  - twine==6.0.1 ; python_full_version >= '3.11' and extra == 'dev'
  requires_python: '>=3.5,<4.0'
- pypi: https://files.pythonhosted.org/packages/3b/ce/ddfab303646b21aef07ff9dbc83fba92e5d493f49d3bc03d899ffd45c86f/marisa_trie-1.3.1-cp313-cp313-win_amd64.whl
  name: marisa-trie
  version: 1.3.1
  sha256: a83f5f7ae3494e0cc25211296252b1b86901c788ed82c83adda19d0c98f828d6
  requires_dist:
  - hypothesis ; extra == 'test'
  - pytest ; extra == 'test'
  - readme-renderer ; extra == 'test'
  requires_python: '>=3.9'
- pypi: https://files.pythonhosted.org/packages/32/31/75c59e7d3b4205075b4c183fa4ca398a2daf2303ddf616b04ae6ef55cffe/multidict-6.7.0-cp313-cp313-win_amd64.whl
  name: multidict
  version: 6.7.0
  sha256: 30d193c6cc6d559db42b6bcec8a5d395d34d60c9877a0b71ecd7c204fcf15390
  requires_dist:
  - typing-extensions>=4.1.0 ; python_full_version < '3.11'
  requires_python: '>=3.9'
- conda: https://conda.anaconda.org/conda-forge/win-64/openssl-3.6.0-h725018a_0.conda
  sha256: 6d72d6f766293d4f2aa60c28c244c8efed6946c430814175f959ffe8cab899b3
  md5: 84f8fb4afd1157f59098f618cd2437e4
  depends:
  - ca-certificates
  - ucrt >=10.0.20348.0
  - vc >=14.3,<15
  - vc14_runtime >=14.44.35208
  license: Apache-2.0
  license_family: Apache
  purls: []
  size: 9440812
  timestamp: 1762841722179
- pypi: https://files.pythonhosted.org/packages/20/12/38679034af332785aac8774540895e234f4d07f7545804097de4b666afd8/packaging-25.0-py3-none-any.whl
  name: packaging
  version: '25.0'
  sha256: 29572ef2b1f17581046b3a2227d5c611fb25ec70ca1ba8554b24b0e69331a484
  requires_python: '>=3.8'
- pypi: https://files.pythonhosted.org/packages/54/16/12b82f791c7f50ddec566873d5bdd245baa1491bac11d15ffb98aecc8f8b/pefile-2024.8.26-py3-none-any.whl
  name: pefile
  version: 2024.8.26
  sha256: 76f8b485dcd3b1bb8166f1128d395fa3d87af26360c2358fb75b80019b957c6f
  requires_python: '>=3.6.0'
- conda: https://conda.anaconda.org/conda-forge/noarch/pip-25.3-pyh145f28c_0.conda
  sha256: 4d5e2faca810459724f11f78d19a0feee27a7be2b3fc5f7abbbec4c9fdcae93d
  md5: bf47878473e5ab9fdb4115735230e191
  depends:
  - python >=3.13.0a0
  license: MIT
  license_family: MIT
  purls:
  - pkg:pypi/pip?source=hash-mapping
  size: 1177084
  timestamp: 1762776338614
- pypi: https://files.pythonhosted.org/packages/f5/ab/f76ec3c3627c883215b5c8080debb4394ef5a7a29be811f786415fc1e6fd/propcache-0.4.1-cp313-cp313-win_amd64.whl
  name: propcache
  version: 0.4.1
  sha256: 381914df18634f5494334d201e98245c0596067504b9372d8cf93f4bb23e025e
  requires_python: '>=3.9'
- pypi: https://files.pythonhosted.org/packages/2d/f5/6a122efe024433ecc34aab6f499e0bd2bbe059c639b77b0045aa2421b0bf/pyinstaller-6.17.0-py3-none-win_amd64.whl
  name: pyinstaller
  version: 6.17.0
  sha256: b019940dbf7a01489d6b26f9fb97db74b504e0a757010f7ad078675befc85a82
  requires_dist:
  - altgraph
  - importlib-metadata>=4.6 ; python_full_version < '3.10'
  - macholib>=1.8 ; sys_platform == 'darwin'
  - packaging>=22.0
  - pefile>=2022.5.30 ; sys_platform == 'win32'
  - pyinstaller-hooks-contrib>=2025.9
  - pywin32-ctypes>=0.2.1 ; sys_platform == 'win32'
  - setuptools>=42.0.0
  - argcomplete ; extra == 'completion'
  - execnet>=1.5.0 ; extra == 'hook-testing'
  - psutil ; extra == 'hook-testing'
  - pytest>=2.7.3 ; extra == 'hook-testing'
  requires_python: '>=3.8,<3.15'
- pypi: https://files.pythonhosted.org/packages/a7/c4/3a096c6e701832443b957b9dac18a163103360d0c7f5842ca41695371148/pyinstaller_hooks_contrib-2025.11-py3-none-any.whl
  name: pyinstaller-hooks-contrib
  version: '2025.11'
  sha256: 777e163e2942474aa41a8e6d31ac1635292d63422c3646c176d584d04d971c34
  requires_dist:
  - setuptools>=42.0.0
  - importlib-metadata>=4.6 ; python_full_version < '3.10'
  - packaging>=22.0
  requires_python: '>=3.8'
- pypi: https://files.pythonhosted.org/packages/df/80/fc9d01d5ed37ba4c42ca2b55b4339ae6e200b456be3a1aaddf4a9fa99b8c/pyperclip-1.11.0-py3-none-any.whl
  name: pyperclip
  version: 1.11.0
  sha256: 299403e9ff44581cb9ba2ffeed69c7aa96a008622ad0c46cb575ca75b5b84273
- conda: https://conda.anaconda.org/conda-forge/win-64/python-3.13.0-hf5aa216_101_cp313.conda
  build_number: 101
  sha256: b8eba57bd86c7890b27e67b477b52b5bd547946c354f29b9dbbc70ad83f2863b
  md5: 158d6077a635cf0c0c23bec3955a4833
  depends:
  - bzip2 >=1.0.8,<2.0a0
  - libexpat >=2.6.4,<3.0a0
  - libffi >=3.4,<4.0a0
  - libmpdec >=4.0.0,<5.0a0
  - libsqlite >=3.47.0,<4.0a0
  - libzlib >=1.3.1,<2.0a0
  - openssl >=3.4.0,<4.0a0
  - python_abi 3.13.* *_cp313
  - tk >=8.6.13,<8.7.0a0
  - tzdata
  - ucrt >=10.0.20348.0
  - vc >=14.2,<15
  - vc14_runtime >=14.29.30139
  - xz >=5.2.6,<6.0a0
  license: Python-2.0
  purls: []
  size: 16697406
  timestamp: 1732734725404
- conda: https://conda.anaconda.org/conda-forge/noarch/python_abi-3.13-8_cp313.conda
  build_number: 8
  sha256: 210bffe7b121e651419cb196a2a63687b087497595c9be9d20ebe97dd06060a7
  md5: 94305520c52a4aa3f6c2b1ff6008d9f8
  constrains:
  - python 3.13.* *_cp313
  license: BSD-3-Clause
  license_family: BSD
  purls: []
  size: 7002
  timestamp: 1752805902938
- pypi: https://files.pythonhosted.org/packages/e3/28/e0a1909523c6890208295a29e05c2adb2126364e289826c0a8bc7297bd5c/pywin32-311-cp313-cp313-win_amd64.whl
  name: pywin32
  version: '311'
  sha256: 718a38f7e5b058e76aee1c56ddd06908116d35147e133427e59a3983f703a20d
- pypi: https://files.pythonhosted.org/packages/de/3d/8161f7711c017e01ac9f008dfddd9410dff3674334c233bde66e7ba65bbf/pywin32_ctypes-0.2.3-py3-none-any.whl
  name: pywin32-ctypes
  version: 0.2.3
  sha256: 8a1513379d709975552d202d942d9837758905c8d01eb82b8bcc30918929e7b8
  requires_python: '>=3.6'
- pypi: https://files.pythonhosted.org/packages/97/c9/39d5b874e8b28845e4ec2202b5da735d0199dbe5b8fb85f91398814a9a46/pyyaml-6.0.3-cp313-cp313-win_amd64.whl
  name: pyyaml
  version: 6.0.3
  sha256: 79005a0d97d5ddabfeeea4cf676af11e647e41d81c9a7722a193022accdb6b7c
  requires_python: '>=3.8'
- pypi: https://files.pythonhosted.org/packages/1e/db/4254e3eabe8020b458f1a747140d32277ec7a271daf1d235b70dc0b4e6e3/requests-2.32.5-py3-none-any.whl
  name: requests
  version: 2.32.5
  sha256: 2462f94637a34fd532264295e186976db0f5d453d1cdd31473c85a6a161affb6
  requires_dist:
  - charset-normalizer>=2,<4
  - idna>=2.5,<4
  - urllib3>=1.21.1,<3
  - certifi>=2017.4.17
  - pysocks>=1.5.6,!=1.5.7 ; extra == 'socks'
  - chardet>=3.0.2,<6 ; extra == 'use-chardet-on-py3'
  requires_python: '>=3.9'
- pypi: https://files.pythonhosted.org/packages/a3/dc/17031897dae0efacfea57dfd3a82fdd2a2aeb58e0ff71b77b87e44edc772/setuptools-80.9.0-py3-none-any.whl
  name: setuptools
  version: 80.9.0
  sha256: 062d34222ad13e0cc312a4c02d73f059e86a4acbfbdea8f8f76b28c99f306922
  requires_dist:
  - pytest>=6,!=8.1.* ; extra == 'test'
  - virtualenv>=13.0.0 ; extra == 'test'
  - wheel>=0.44.0 ; extra == 'test'
  - pip>=19.1 ; extra == 'test'
  - packaging>=24.2 ; extra == 'test'
  - jaraco-envs>=2.2 ; extra == 'test'
  - pytest-xdist>=3 ; extra == 'test'
  - jaraco-path>=3.7.2 ; extra == 'test'
  - build[virtualenv]>=1.0.3 ; extra == 'test'
  - filelock>=3.4.0 ; extra == 'test'
  - ini2toml[lite]>=0.14 ; extra == 'test'
  - tomli-w>=1.0.0 ; extra == 'test'
  - pytest-timeout ; extra == 'test'
  - pytest-perf ; sys_platform != 'cygwin' and extra == 'test'
  - jaraco-develop>=7.21 ; python_full_version >= '3.9' and sys_platform != 'cygwin' and extra == 'test'
  - pytest-home>=0.5 ; extra == 'test'
  - pytest-subprocess ; extra == 'test'
  - pyproject-hooks!=1.1 ; extra == 'test'
  - jaraco-test>=5.5 ; extra == 'test'
  - sphinx>=3.5 ; extra == 'doc'
  - jaraco-packaging>=9.3 ; extra == 'doc'
  - rst-linker>=1.9 ; extra == 'doc'
  - furo ; extra == 'doc'
  - sphinx-lint ; extra == 'doc'
  - jaraco-tidelift>=1.4 ; extra == 'doc'
  - pygments-github-lexers==0.0.5 ; extra == 'doc'
  - sphinx-favicon ; extra == 'doc'
  - sphinx-inline-tabs ; extra == 'doc'
  - sphinx-reredirects ; extra == 'doc'
  - sphinxcontrib-towncrier ; extra == 'doc'
  - sphinx-notfound-page>=1,<2 ; extra == 'doc'
  - pyproject-hooks!=1.1 ; extra == 'doc'
  - towncrier<24.7 ; extra == 'doc'
  - packaging>=24.2 ; extra == 'core'
  - more-itertools>=8.8 ; extra == 'core'
  - jaraco-text>=3.7 ; extra == 'core'
  - importlib-metadata>=6 ; python_full_version < '3.10' and extra == 'core'
  - tomli>=2.0.1 ; python_full_version < '3.11' and extra == 'core'
  - wheel>=0.43.0 ; extra == 'core'
  - platformdirs>=4.2.2 ; extra == 'core'
  - jaraco-functools>=4 ; extra == 'core'
  - more-itertools ; extra == 'core'
  - pytest-checkdocs>=2.4 ; extra == 'check'
  - pytest-ruff>=0.2.1 ; sys_platform != 'cygwin' and extra == 'check'
  - ruff>=0.8.0 ; sys_platform != 'cygwin' and extra == 'check'
  - pytest-cov ; extra == 'cover'
  - pytest-enabler>=2.2 ; extra == 'enabler'
  - pytest-mypy ; extra == 'type'
  - mypy==1.14.* ; extra == 'type'
  - importlib-metadata>=7.0.2 ; python_full_version < '3.10' and extra == 'type'
  - jaraco-develop>=7.21 ; sys_platform != 'cygwin' and extra == 'type'
  requires_python: '>=3.9'
- conda: https://conda.anaconda.org/conda-forge/win-64/tk-8.6.13-h2c6b04d_3.conda
  sha256: 4581f4ffb432fefa1ac4f85c5682cc27014bcd66e7beaa0ee330e927a7858790
  md5: 7cb36e506a7dba4817970f8adb6396f9
  depends:
  - ucrt >=10.0.20348.0
  - vc >=14.2,<15
  - vc14_runtime >=14.29.30139
  license: TCL
  license_family: BSD
  purls: []
  size: 3472313
  timestamp: 1763055164278
- pypi: https://files.pythonhosted.org/packages/d0/30/dc54f88dd4a2b5dc8a0279bdd7270e735851848b762aeb1c1184ed1f6b14/tqdm-4.67.1-py3-none-any.whl
  name: tqdm
  version: 4.67.1
  sha256: 26445eca388f82e72884e0d580d5464cd801a3ea01e63e5601bdff9ba6a48de2
  requires_dist:
  - colorama ; sys_platform == 'win32'
  - pytest>=6 ; extra == 'dev'
  - pytest-cov ; extra == 'dev'
  - pytest-timeout ; extra == 'dev'
  - pytest-asyncio>=0.24 ; extra == 'dev'
  - nbval ; extra == 'dev'
  - requests ; extra == 'discord'
  - slack-sdk ; extra == 'slack'
  - requests ; extra == 'telegram'
  - ipywidgets>=6 ; extra == 'notebook'
  requires_python: '>=3.7'
- conda: https://conda.anaconda.org/conda-forge/noarch/tzdata-2025c-hc9c84f9_1.conda
  sha256: 1d30098909076af33a35017eed6f2953af1c769e273a0626a04722ac4acaba3c
  md5: ad659d0a2b3e47e38d829aa8cad2d610
  license: LicenseRef-Public-Domain
  purls: []
  size: 119135
  timestamp: 1767016325805
- conda: https://conda.anaconda.org/conda-forge/win-64/ucrt-10.0.26100.0-h57928b3_0.conda
  sha256: 3005729dce6f3d3f5ec91dfc49fc75a0095f9cd23bab49efb899657297ac91a5
  md5: 71b24316859acd00bdb8b38f5e2ce328
  constrains:
  - vc14_runtime >=14.29.30037
  - vs2015_runtime >=14.29.30037
  license: LicenseRef-MicrosoftWindowsSDK10
  purls: []
  size: 694692
  timestamp: 1756385147981
- pypi: https://files.pythonhosted.org/packages/39/08/aaaad47bc4e9dc8c725e68f9d04865dbcb2052843ff09c97b08904852d84/urllib3-2.6.3-py3-none-any.whl
  name: urllib3
  version: 2.6.3
  sha256: bf272323e553dfb2e87d9bfd225ca7b0f467b919d7bbd355436d3fd37cb0acd4
  requires_dist:
  - brotli>=1.2.0 ; platform_python_implementation == 'CPython' and extra == 'brotli'
  - brotlicffi>=1.2.0.0 ; platform_python_implementation != 'CPython' and extra == 'brotli'
  - h2>=4,<5 ; extra == 'h2'
  - pysocks>=1.5.6,!=1.5.7,<2.0 ; extra == 'socks'
  - backports-zstd>=1.0.0 ; python_full_version < '3.14' and extra == 'zstd'
  requires_python: '>=3.9'
- conda: https://conda.anaconda.org/conda-forge/win-64/vc-14.3-h41ae7f8_34.conda
  sha256: 9dc40c2610a6e6727d635c62cced5ef30b7b30123f5ef67d6139e23d21744b3a
  md5: 1e610f2416b6acdd231c5f573d754a0f
  depends:
  - vc14_runtime >=14.44.35208
  track_features:
  - vc14
  license: BSD-3-Clause
  license_family: BSD
  purls: []
  size: 19356
  timestamp: 1767320221521
- conda: https://conda.anaconda.org/conda-forge/win-64/vc14_runtime-14.44.35208-h818238b_34.conda
  sha256: 02732f953292cce179de9b633e74928037fa3741eb5ef91c3f8bae4f761d32a5
  md5: 37eb311485d2d8b2c419449582046a42
  depends:
  - ucrt >=10.0.20348.0
  - vcomp14 14.44.35208 h818238b_34
  constrains:
  - vs2015_runtime 14.44.35208.* *_34
  license: LicenseRef-MicrosoftVisualCpp2015-2022Runtime
  license_family: Proprietary
  purls: []
  size: 683233
  timestamp: 1767320219644
- conda: https://conda.anaconda.org/conda-forge/win-64/vcomp14-14.44.35208-h818238b_34.conda
  sha256: 878d5d10318b119bd98ed3ed874bd467acbe21996e1d81597a1dbf8030ea0ce6
  md5: 242d9f25d2ae60c76b38a5e42858e51d
  depends:
  - ucrt >=10.0.20348.0
  constrains:
  - vs2015_runtime 14.44.35208.* *_34
  license: LicenseRef-MicrosoftVisualCpp2015-2022Runtime
  license_family: Proprietary
  purls: []
  size: 115235
  timestamp: 1767320173250
- pypi: https://files.pythonhosted.org/packages/e1/07/c6fe3ad3e685340704d314d765b7912993bcb8dc198f0e7a89382d37974b/win32_setctime-1.2.0-py3-none-any.whl
  name: win32-setctime
  version: 1.2.0
  sha256: 95d644c4e708aba81dc3704a116d8cbc974d70b3bdb8be1d150e36be6e9d1390
  requires_dist:
  - black>=19.3b0 ; python_full_version >= '3.6' and extra == 'dev'
  - pytest>=4.6.2 ; extra == 'dev'
  requires_python: '>=3.5'
- conda: https://conda.anaconda.org/conda-forge/win-64/xz-5.8.1-h208afaa_2.conda
  sha256: 22289a81da4698bb8d13ac032a88a4a1f49505b2303885e1add3d8bd1a7b56e6
  md5: fb3fa84ea37de9f12cc8ba730cec0bdc
  depends:
  - liblzma 5.8.1 h2466b09_2
  - liblzma-devel 5.8.1 h2466b09_2
  - ucrt >=10.0.20348.0
  - vc >=14.2,<15
  - vc14_runtime >=14.29.30139
  - xz-tools 5.8.1 h2466b09_2
  license: 0BSD AND LGPL-2.1-or-later AND GPL-2.0-or-later
  purls: []
  size: 24430
  timestamp: 1749230691276
- conda: https://conda.anaconda.org/conda-forge/win-64/xz-tools-5.8.1-h2466b09_2.conda
  sha256: 38712f0e62f61741ab69d7551fa863099f5be769bdf9fdbc28542134874b4e88
  md5: e1b62ec0457e6ba10287a49854108fdb
  depends:
  - liblzma 5.8.1 h2466b09_2
  - ucrt >=10.0.20348.0
  - vc >=14.2,<15
  - vc14_runtime >=14.29.30139
  constrains:
  - xz 5.8.1.*
  license: 0BSD AND LGPL-2.1-or-later
  purls: []
  size: 67419
  timestamp: 1749230666460
- pypi: https://files.pythonhosted.org/packages/9a/ee/450914ae11b419eadd067c6183ae08381cfdfcb9798b90b2b713bbebddda/yarl-1.22.0-cp313-cp313-win_amd64.whl
  name: yarl
  version: 1.22.0
  sha256: 47743b82b76d89a1d20b83e60d5c20314cbd5ba2befc9cda8f28300c4a08ed4d
  requires_dist:
  - idna>=2.0
  - multidict>=4.0
  - propcache>=0.2.1
  requires_python: '>=3.9'
